
Microsoft Visual Studio Solution File, Format Version 12.00
# Visual Studio Version 17
VisualStudioVersion = 17.5.33516.290
MinimumVisualStudioVersion = 10.0.40219.1
Project("{FAE04EC0-301F-11D3-BF4B-00C04F79EFBC}") = "TodoApp", "TodoApp\TodoApp.csproj", "{3E2BEEB2-C09B-4AC4-A4B1-0574560F434C}"
EndProject
Global
	GlobalSection(SolutionConfigurationPlatforms) = preSolution
		Debug|Any CPU = Debug|Any CPU
		Release|Any CPU = Release|Any CPU
	EndGlobalSection
	GlobalSection(ProjectConfigurationPlatforms) = postSolution
		{3E2BEEB2-C09B-4AC4-A4B1-0574560F434C}.Debug|Any CPU.ActiveCfg = Debug|Any CPU
		{3E2BEEB2-C09B-4AC4-A4B1-0574560F434C}.Debug|Any CPU.Build.0 = Debug|Any CPU
		{3E2BEEB2-C09B-4AC4-A4B1-0574560F434C}.Release|Any CPU.ActiveCfg = Release|Any CPU
		{3E2BEEB2-C09B-4AC4-A4B1-0574560F434C}.Release|Any CPU.Build.0 = Release|Any CPU
	EndGlobalSection
	GlobalSection(SolutionProperties) = preSolution
		HideSolutionNode = FALSE
	EndGlobalSection
	GlobalSection(ExtensibilityGlobals) = postSolution
		SolutionGuid = {15D203D1-408E-460F-A96C-95C2E7072747}
	EndGlobalSection
EndGlobal
